
Microsoft Visual Studio Solution File, Format Version 12.00
# Visual Studio Version 17
VisualStudioVersion = 17.5.33627.172
MinimumVisualStudioVersion = 10.0.40219.1
Project("{9A19103F-16F7-4668-BE54-9A1E7A4F7556}") = "CampUS", "CampUS\CampUS.csproj", "{C70A6360-C0F8-450A-8EAB-1925EB0358D9}"
EndProject
Project("{9A19103F-16F7-4668-BE54-9A1E7A4F7556}") = "CampUS.Caching", "CampUS.Caching\CampUS.Caching.csproj", "{FB27BE54-E256-48C1-BEFF-44E5C686C636}"
EndProject
Project("{9A19103F-16F7-4668-BE54-9A1E7A4F7556}") = "CampUS.Core", "CampUS.Core\CampUS.Core.csproj", "{101C62B6-70D3-412D-8396-7DC86B24125B}"
EndProject
Project("{9A19103F-16F7-4668-BE54-9A1E7A4F7556}") = "CampUS.DTO", "CampUS.DTO\CampUS.DTO.csproj", "{BCA7A170-18D2-4A43-A94F-7DB5E2D19840}"
EndProject
Project("{9A19103F-16F7-4668-BE54-9A1E7A4F7556}") = "CampUS.Repository", "CampUS.Repository\CampUS.Repository.csproj", "{C81D6A2F-BA34-4B0E-978A-4C2D86E1A17F}"
EndProject
Project("{9A19103F-16F7-4668-BE54-9A1E7A4F7556}") = "CampUS.Service", "CampUS.Service\CampUS.Service.csproj", "{8404D1A7-FDD3-45B0-B637-C803982B2DC0}"
EndProject
Global
	GlobalSection(SolutionConfigurationPlatforms) = preSolution
		Debug|Any CPU = Debug|Any CPU
		Release|Any CPU = Release|Any CPU
	EndGlobalSection
	GlobalSection(ProjectConfigurationPlatforms) = postSolution
		{C70A6360-C0F8-450A-8EAB-1925EB0358D9}.Debug|Any CPU.ActiveCfg = Debug|Any CPU
		{C70A6360-C0F8-450A-8EAB-1925EB0358D9}.Debug|Any CPU.Build.0 = Debug|Any CPU
		{C70A6360-C0F8-450A-8EAB-1925EB0358D9}.Release|Any CPU.ActiveCfg = Release|Any CPU
		{C70A6360-C0F8-450A-8EAB-1925EB0358D9}.Release|Any CPU.Build.0 = Release|Any CPU
		{FB27BE54-E256-48C1-BEFF-44E5C686C636}.Debug|Any CPU.ActiveCfg = Debug|Any CPU
		{FB27BE54-E256-48C1-BEFF-44E5C686C636}.Debug|Any CPU.Build.0 = Debug|Any CPU
		{FB27BE54-E256-48C1-BEFF-44E5C686C636}.Release|Any CPU.ActiveCfg = Release|Any CPU
		{FB27BE54-E256-48C1-BEFF-44E5C686C636}.Release|Any CPU.Build.0 = Release|Any CPU
		{101C62B6-70D3-412D-8396-7DC86B24125B}.Debug|Any CPU.ActiveCfg = Debug|Any CPU
		{101C62B6-70D3-412D-8396-7DC86B24125B}.Debug|Any CPU.Build.0 = Debug|Any CPU
		{101C62B6-70D3-412D-8396-7DC86B24125B}.Release|Any CPU.ActiveCfg = Release|Any CPU
		{101C62B6-70D3-412D-8396-7DC86B24125B}.Release|Any CPU.Build.0 = Release|Any CPU
		{BCA7A170-18D2-4A43-A94F-7DB5E2D19840}.Debug|Any CPU.ActiveCfg = Debug|Any CPU
		{BCA7A170-18D2-4A43-A94F-7DB5E2D19840}.Debug|Any CPU.Build.0 = Debug|Any CPU
		{BCA7A170-18D2-4A43-A94F-7DB5E2D19840}.Release|Any CPU.ActiveCfg = Release|Any CPU
		{BCA7A170-18D2-4A43-A94F-7DB5E2D19840}.Release|Any CPU.Build.0 = Release|Any CPU
		{C81D6A2F-BA34-4B0E-978A-4C2D86E1A17F}.Debug|Any CPU.ActiveCfg = Debug|Any CPU
		{C81D6A2F-BA34-4B0E-978A-4C2D86E1A17F}.Debug|Any CPU.Build.0 = Debug|Any CPU
		{C81D6A2F-BA34-4B0E-978A-4C2D86E1A17F}.Release|Any CPU.ActiveCfg = Release|Any CPU
		{C81D6A2F-BA34-4B0E-978A-4C2D86E1A17F}.Release|Any CPU.Build.0 = Release|Any CPU
		{8404D1A7-FDD3-45B0-B637-C803982B2DC0}.Debug|Any CPU.ActiveCfg = Debug|Any CPU
		{8404D1A7-FDD3-45B0-B637-C803982B2DC0}.Debug|Any CPU.Build.0 = Debug|Any CPU
		{8404D1A7-FDD3-45B0-B637-C803982B2DC0}.Release|Any CPU.ActiveCfg = Release|Any CPU
		{8404D1A7-FDD3-45B0-B637-C803982B2DC0}.Release|Any CPU.Build.0 = Release|Any CPU
	EndGlobalSection
	GlobalSection(SolutionProperties) = preSolution
		HideSolutionNode = FALSE
	EndGlobalSection
	GlobalSection(ExtensibilityGlobals) = postSolution
		SolutionGuid = {938D5DCD-0E55-4FC3-B36D-FBC3EBD99557}
	EndGlobalSection
EndGlobal
